
Microsoft Visual Studio Solution File, Format Version 12.00
# Visual Studio Version 16
VisualStudioVersion = 16.0.29319.158
MinimumVisualStudioVersion = 10.0.40219.1
Project("{9A19103F-16F7-4668-BE54-9A1E7A4F7556}") = "SPA_NetCore_Foundation01", "SPA_NetCore_Foundation01\SPA_NetCore_Foundation01.csproj", "{D0372C73-6D54-412A-AE13-42BA7347A529}"
EndProject
Project("{9A19103F-16F7-4668-BE54-9A1E7A4F7556}") = "SPA_NetCore_Foundation02", "SPA_NetCore_Foundation02\SPA_NetCore_Foundation02.csproj", "{72C7E8C5-4C96-4C00-AC5A-7A5455717D47}"
EndProject
Project("{9A19103F-16F7-4668-BE54-9A1E7A4F7556}") = "SPA_NetCore_Foundation03", "SPA_NetCore_Foundation03\SPA_NetCore_Foundation03.csproj", "{17330FA1-2B8C-4296-A04B-1738E341A1F8}"
EndProject
Project("{9A19103F-16F7-4668-BE54-9A1E7A4F7556}") = "SPA_NetCore_Foundation04", "SPA_NetCore_Foundation04\SPA_NetCore_Foundation04.csproj", "{566BE36B-8ED3-4EA6-84EC-4D8AC2C9B49D}"
EndProject
Project("{FAE04EC0-301F-11D3-BF4B-00C04F79EFBC}") = "SPA_NetCore_Foundation05", "SPA_NetCore_Foundation05\SPA_NetCore_Foundation05.csproj", "{24CDDAD2-5257-4CF6-9CCE-876A62E232B7}"
EndProject
Global
	GlobalSection(SolutionConfigurationPlatforms) = preSolution
		Debug|Any CPU = Debug|Any CPU
		Release|Any CPU = Release|Any CPU
	EndGlobalSection
	GlobalSection(ProjectConfigurationPlatforms) = postSolution
		{D0372C73-6D54-412A-AE13-42BA7347A529}.Debug|Any CPU.ActiveCfg = Debug|Any CPU
		{D0372C73-6D54-412A-AE13-42BA7347A529}.Debug|Any CPU.Build.0 = Debug|Any CPU
		{D0372C73-6D54-412A-AE13-42BA7347A529}.Release|Any CPU.ActiveCfg = Release|Any CPU
		{D0372C73-6D54-412A-AE13-42BA7347A529}.Release|Any CPU.Build.0 = Release|Any CPU
		{72C7E8C5-4C96-4C00-AC5A-7A5455717D47}.Debug|Any CPU.ActiveCfg = Debug|Any CPU
		{72C7E8C5-4C96-4C00-AC5A-7A5455717D47}.Debug|Any CPU.Build.0 = Debug|Any CPU
		{72C7E8C5-4C96-4C00-AC5A-7A5455717D47}.Release|Any CPU.ActiveCfg = Release|Any CPU
		{72C7E8C5-4C96-4C00-AC5A-7A5455717D47}.Release|Any CPU.Build.0 = Release|Any CPU
		{17330FA1-2B8C-4296-A04B-1738E341A1F8}.Debug|Any CPU.ActiveCfg = Debug|Any CPU
		{17330FA1-2B8C-4296-A04B-1738E341A1F8}.Debug|Any CPU.Build.0 = Debug|Any CPU
		{17330FA1-2B8C-4296-A04B-1738E341A1F8}.Release|Any CPU.ActiveCfg = Release|Any CPU
		{17330FA1-2B8C-4296-A04B-1738E341A1F8}.Release|Any CPU.Build.0 = Release|Any CPU
		{566BE36B-8ED3-4EA6-84EC-4D8AC2C9B49D}.Debug|Any CPU.ActiveCfg = Debug|Any CPU
		{566BE36B-8ED3-4EA6-84EC-4D8AC2C9B49D}.Debug|Any CPU.Build.0 = Debug|Any CPU
		{566BE36B-8ED3-4EA6-84EC-4D8AC2C9B49D}.Release|Any CPU.ActiveCfg = Release|Any CPU
		{566BE36B-8ED3-4EA6-84EC-4D8AC2C9B49D}.Release|Any CPU.Build.0 = Release|Any CPU
		{24CDDAD2-5257-4CF6-9CCE-876A62E232B7}.Debug|Any CPU.ActiveCfg = Debug|Any CPU
		{24CDDAD2-5257-4CF6-9CCE-876A62E232B7}.Debug|Any CPU.Build.0 = Debug|Any CPU
		{24CDDAD2-5257-4CF6-9CCE-876A62E232B7}.Release|Any CPU.ActiveCfg = Release|Any CPU
		{24CDDAD2-5257-4CF6-9CCE-876A62E232B7}.Release|Any CPU.Build.0 = Release|Any CPU
	EndGlobalSection
	GlobalSection(SolutionProperties) = preSolution
		HideSolutionNode = FALSE
	EndGlobalSection
	GlobalSection(ExtensibilityGlobals) = postSolution
		SolutionGuid = {D5DB750F-4801-47FE-83C3-766B632789A2}
	EndGlobalSection
EndGlobal
